
Microsoft Visual Studio Solution File, Format Version 12.00
# Visual Studio Version 17
VisualStudioVersion = 17.2.32516.85
MinimumVisualStudioVersion = 10.0.40219.1
Project("{FAE04EC0-301F-11D3-BF4B-00C04F79EFBC}") = "JoiningData", "JoiningData\JoiningData.csproj", "{B9C4DCF9-4B0E-4023-9EF9-F3D7D9940F9F}"
EndProject
Global
	GlobalSection(SolutionConfigurationPlatforms) = preSolution
		Debug|Any CPU = Debug|Any CPU
		Release|Any CPU = Release|Any CPU
	EndGlobalSection
	GlobalSection(ProjectConfigurationPlatforms) = postSolution
		{B9C4DCF9-4B0E-4023-9EF9-F3D7D9940F9F}.Debug|Any CPU.ActiveCfg = Debug|Any CPU
		{B9C4DCF9-4B0E-4023-9EF9-F3D7D9940F9F}.Debug|Any CPU.Build.0 = Debug|Any CPU
		{B9C4DCF9-4B0E-4023-9EF9-F3D7D9940F9F}.Release|Any CPU.ActiveCfg = Release|Any CPU
		{B9C4DCF9-4B0E-4023-9EF9-F3D7D9940F9F}.Release|Any CPU.Build.0 = Release|Any CPU
	EndGlobalSection
	GlobalSection(SolutionProperties) = preSolution
		HideSolutionNode = FALSE
	EndGlobalSection
	GlobalSection(ExtensibilityGlobals) = postSolution
		SolutionGuid = {2594BF97-B9AB-47BB-9F65-78A25C1DE445}
	EndGlobalSection
EndGlobal
